
Microsoft Visual Studio Solution File, Format Version 12.00
# Visual Studio Version 17
VisualStudioVersion = 17.6.33712.159
MinimumVisualStudioVersion = 10.0.40219.1
Project("{888888A0-9F3D-457C-B088-3A5042F75D52}") = "EXCEL_AutoPathList", "EXCEL_AutoPathList.pyproj", "{3FFD1466-B7A9-4557-A419-12439B2BA903}"
EndProject
Global
	GlobalSection(SolutionConfigurationPlatforms) = preSolution
		Debug|Any CPU = Debug|Any CPU
		Release|Any CPU = Release|Any CPU
	EndGlobalSection
	GlobalSection(ProjectConfigurationPlatforms) = postSolution
		{3FFD1466-B7A9-4557-A419-12439B2BA903}.Debug|Any CPU.ActiveCfg = Debug|Any CPU
		{3FFD1466-B7A9-4557-A419-12439B2BA903}.Release|Any CPU.ActiveCfg = Release|Any CPU
	EndGlobalSection
	GlobalSection(SolutionProperties) = preSolution
		HideSolutionNode = FALSE
	EndGlobalSection
	GlobalSection(ExtensibilityGlobals) = postSolution
		SolutionGuid = {93F3EC10-8DF1-4BE6-B330-4CC40BE2C92B}
	EndGlobalSection
EndGlobal
